{
  "version": 4,
  "terraform_version": "0.12.2",
  "serial": 340,
  "lineage": "775d0411-d892-e402-26a8-ce09d55c3c9a",
  "outputs": {},
  "resources": [
    {
      "module": "module.server",
      "mode": "managed",
      "type": "azurerm_network_interface",
      "name": "network_interface",
      "provider": "provider.azurerm",
      "instances": [
        {
          "schema_version": 0,
          "attributes": {
            "applied_dns_servers": [],
            "dns_servers": [],
            "enable_accelerated_networking": false,
            "enable_ip_forwarding": false,
            "id": "/subscriptions/36ac86a2-6093-4505-a788-d285ee07bab5/resourceGroups/SOVar_RG/providers/Microsoft.Network/networkInterfaces/SOVar_server_NIC",
            "internal_dns_name_label": "",
            "internal_fqdn": "",
            "ip_configuration": [
              {
                "application_gateway_backend_address_pools_ids": [],
                "application_security_group_ids": [],
                "load_balancer_backend_address_pools_ids": [],
                "load_balancer_inbound_nat_rules_ids": [],
                "name": "SOVar_server_NIC_IPConf",
                "primary": true,
                "private_ip_address": "",
                "private_ip_address_allocation": "dynamic",
                "private_ip_address_version": "IPv4",
                "public_ip_address_id": "/subscriptions/36ac86a2-6093-4505-a788-d285ee07bab5/resourceGroups/SOVar_RG/providers/Microsoft.Network/publicIPAddresses/SOVar_server_PublicIP",
                "subnet_id": "/subscriptions/36ac86a2-6093-4505-a788-d285ee07bab5/resourceGroups/SOVar_RG/providers/Microsoft.Network/virtualNetworks/SOVar_VN/subnets/SOVar_IntSub"
              }
            ],
            "location": "westeurope",
            "mac_address": "00-0D-3A-21-F7-AE",
            "name": "SOVar_server_NIC",
            "network_security_group_id": "/subscriptions/36ac86a2-6093-4505-a788-d285ee07bab5/resourceGroups/SOVar_RG/providers/Microsoft.Network/networkSecurityGroups/SOVar_NetSecGroup1",
            "private_ip_address": "10.0.2.5",
            "private_ip_addresses": [
              "10.0.2.5"
            ],
            "resource_group_name": "SOVar_RG",
            "tags": {},
            "virtual_machine_id": "/subscriptions/36ac86a2-6093-4505-a788-d285ee07bab5/resourceGroups/SOVar_RG/providers/Microsoft.Compute/virtualMachines/SOVar_server"
          },
          "depends_on": [
            "azurerm_public_ip.public_ip"
          ]
        }
      ]
    },
    {
      "module": "module.dc",
      "mode": "managed",
      "type": "azurerm_network_interface",
      "name": "network_interface",
      "provider": "provider.azurerm",
      "instances": [
        {
          "schema_version": 0,
          "attributes": {
            "applied_dns_servers": [],
            "dns_servers": [],
            "enable_accelerated_networking": false,
            "enable_ip_forwarding": false,
            "id": "/subscriptions/36ac86a2-6093-4505-a788-d285ee07bab5/resourceGroups/SOVar_RG/providers/Microsoft.Network/networkInterfaces/SOVar_DC_NIC",
            "internal_dns_name_label": "",
            "internal_fqdn": "",
            "ip_configuration": [
              {
                "application_gateway_backend_address_pools_ids": [],
                "application_security_group_ids": [],
                "load_balancer_backend_address_pools_ids": [],
                "load_balancer_inbound_nat_rules_ids": [],
                "name": "SOVar_DC_NIC_IPConf",
                "primary": true,
                "private_ip_address": "",
                "private_ip_address_allocation": "dynamic",
                "private_ip_address_version": "IPv4",
                "public_ip_address_id": "/subscriptions/36ac86a2-6093-4505-a788-d285ee07bab5/resourceGroups/SOVar_RG/providers/Microsoft.Network/publicIPAddresses/SOVar_DC_PublicIP",
                "subnet_id": "/subscriptions/36ac86a2-6093-4505-a788-d285ee07bab5/resourceGroups/SOVar_RG/providers/Microsoft.Network/virtualNetworks/SOVar_VN/subnets/SOVar_IntSub"
              }
            ],
            "location": "westeurope",
            "mac_address": "00-0D-3A-21-F6-15",
            "name": "SOVar_DC_NIC",
            "network_security_group_id": "/subscriptions/36ac86a2-6093-4505-a788-d285ee07bab5/resourceGroups/SOVar_RG/providers/Microsoft.Network/networkSecurityGroups/SOVar_NetSecGroup1",
            "private_ip_address": "10.0.2.4",
            "private_ip_addresses": [
              "10.0.2.4"
            ],
            "resource_group_name": "SOVar_RG",
            "tags": {},
            "virtual_machine_id": "/subscriptions/36ac86a2-6093-4505-a788-d285ee07bab5/resourceGroups/SOVar_RG/providers/Microsoft.Compute/virtualMachines/SOVar_DC"
          },
          "depends_on": [
            "azurerm_public_ip.public_ip"
          ]
        }
      ]
    },
    {
      "module": "module.network",
      "mode": "managed",
      "type": "azurerm_network_security_group",
      "name": "network_security_group",
      "provider": "provider.azurerm",
      "instances": [
        {
          "schema_version": 0,
          "attributes": {
            "id": "/subscriptions/36ac86a2-6093-4505-a788-d285ee07bab5/resourceGroups/SOVar_RG/providers/Microsoft.Network/networkSecurityGroups/SOVar_NetSecGroup1",
            "location": "westeurope",
            "name": "SOVar_NetSecGroup1",
            "resource_group_name": "SOVar_RG",
            "security_rule": [
              {
                "access": "Allow",
                "description": "",
                "destination_address_prefix": "*",
                "destination_address_prefixes": [],
                "destination_application_security_group_ids": [],
                "destination_port_range": "3389",
                "destination_port_ranges": [],
                "direction": "Inbound",
                "name": "SOVar_InBound_RDP",
                "priority": 100,
                "protocol": "Tcp",
                "source_address_prefix": "*",
                "source_address_prefixes": [],
                "source_application_security_group_ids": [],
                "source_port_range": "*",
                "source_port_ranges": []
              }
            ],
            "tags": {}
          }
        }
      ]
    },
    {
      "module": "module.server",
      "mode": "managed",
      "type": "azurerm_public_ip",
      "name": "public_ip",
      "provider": "provider.azurerm",
      "instances": [
        {
          "schema_version": 0,
          "attributes": {
            "allocation_method": "Dynamic",
            "domain_name_label": null,
            "fqdn": null,
            "id": "/subscriptions/36ac86a2-6093-4505-a788-d285ee07bab5/resourceGroups/SOVar_RG/providers/Microsoft.Network/publicIPAddresses/SOVar_server_PublicIP",
            "idle_timeout_in_minutes": 30,
            "ip_address": "104.40.185.142",
            "ip_version": "IPv4",
            "location": "westeurope",
            "name": "SOVar_server_PublicIP",
            "public_ip_address_allocation": "Dynamic",
            "public_ip_prefix_id": null,
            "resource_group_name": "SOVar_RG",
            "reverse_fqdn": null,
            "sku": "Basic",
            "tags": {},
            "zones": []
          }
        }
      ]
    },
    {
      "module": "module.dc",
      "mode": "managed",
      "type": "azurerm_public_ip",
      "name": "public_ip",
      "provider": "provider.azurerm",
      "instances": [
        {
          "schema_version": 0,
          "attributes": {
            "allocation_method": "Dynamic",
            "domain_name_label": null,
            "fqdn": null,
            "id": "/subscriptions/36ac86a2-6093-4505-a788-d285ee07bab5/resourceGroups/SOVar_RG/providers/Microsoft.Network/publicIPAddresses/SOVar_DC_PublicIP",
            "idle_timeout_in_minutes": 30,
            "ip_address": "104.40.180.0",
            "ip_version": "IPv4",
            "location": "westeurope",
            "name": "SOVar_DC_PublicIP",
            "public_ip_address_allocation": "Dynamic",
            "public_ip_prefix_id": null,
            "resource_group_name": "SOVar_RG",
            "reverse_fqdn": null,
            "sku": "Basic",
            "tags": {},
            "zones": []
          }
        }
      ]
    },
    {
      "mode": "managed",
      "type": "azurerm_resource_group",
      "name": "SOVar_RG",
      "provider": "provider.azurerm",
      "instances": [
        {
          "schema_version": 0,
          "attributes": {
            "id": "/subscriptions/36ac86a2-6093-4505-a788-d285ee07bab5/resourceGroups/SOVar_RG",
            "location": "westeurope",
            "name": "SOVar_RG",
            "tags": {}
          }
        }
      ]
    },
    {
      "module": "module.network",
      "mode": "managed",
      "type": "azurerm_subnet",
      "name": "subnet",
      "provider": "provider.azurerm",
      "instances": [
        {
          "schema_version": 0,
          "attributes": {
            "address_prefix": "10.0.2.0/24",
            "delegation": [],
            "id": "/subscriptions/36ac86a2-6093-4505-a788-d285ee07bab5/resourceGroups/SOVar_RG/providers/Microsoft.Network/virtualNetworks/SOVar_VN/subnets/SOVar_IntSub",
            "ip_configurations": [
              "/subscriptions/36ac86a2-6093-4505-a788-d285ee07bab5/resourceGroups/SOVar_RG/providers/Microsoft.Network/networkInterfaces/SOVar_DC_NIC/ipConfigurations/SOVar_DC_NIC_IPConf",
              "/subscriptions/36ac86a2-6093-4505-a788-d285ee07bab5/resourceGroups/SOVar_RG/providers/Microsoft.Network/networkInterfaces/SOVar_server_NIC/ipConfigurations/SOVar_server_NIC_IPConf"
            ],
            "name": "SOVar_IntSub",
            "network_security_group_id": "",
            "resource_group_name": "SOVar_RG",
            "route_table_id": "",
            "service_endpoints": [],
            "virtual_network_name": "SOVar_VN"
          },
          "depends_on": [
            "azurerm_virtual_network.virtual_network"
          ]
        }
      ]
    },
    {
      "module": "module.server",
      "mode": "managed",
      "type": "azurerm_virtual_machine",
      "name": "virtual_machine",
      "provider": "provider.azurerm",
      "instances": [
        {
          "schema_version": 0,
          "attributes": {
            "availability_set_id": null,
            "boot_diagnostics": [],
            "delete_data_disks_on_termination": false,
            "delete_os_disk_on_termination": false,
            "id": "/subscriptions/36ac86a2-6093-4505-a788-d285ee07bab5/resourceGroups/SOVar_RG/providers/Microsoft.Compute/virtualMachines/SOVar_server",
            "identity": [],
            "license_type": null,
            "location": "westeurope",
            "name": "SOVar_server",
            "network_interface_ids": [
              "/subscriptions/36ac86a2-6093-4505-a788-d285ee07bab5/resourceGroups/SOVar_RG/providers/Microsoft.Network/networkInterfaces/SOVar_server_NIC"
            ],
            "os_profile": [
              {
                "admin_password": "",
                "admin_username": "OSLocAdmin",
                "computer_name": "server",
                "custom_data": ""
              }
            ],
            "os_profile_linux_config": [],
            "os_profile_secrets": [],
            "os_profile_windows_config": [
              {
                "additional_unattend_config": [],
                "enable_automatic_upgrades": false,
                "provision_vm_agent": true,
                "timezone": "",
                "winrm": []
              }
            ],
            "plan": [],
            "primary_network_interface_id": null,
            "resource_group_name": "SOVar_RG",
            "storage_data_disk": [],
            "storage_image_reference": [
              {
                "id": "",
                "offer": "WindowsServer",
                "publisher": "MicrosoftWindowsServer",
                "sku": "2016-Datacenter",
                "version": "latest"
              }
            ],
            "storage_os_disk": [
              {
                "caching": "ReadWrite",
                "create_option": "FromImage",
                "disk_size_gb": 127,
                "image_uri": "",
                "managed_disk_id": "/subscriptions/36ac86a2-6093-4505-a788-d285ee07bab5/resourceGroups/SOVar_RG/providers/Microsoft.Compute/disks/OSDisk1_server",
                "managed_disk_type": "Standard_LRS",
                "name": "OSDisk1_server",
                "os_type": "Windows",
                "vhd_uri": "",
                "write_accelerator_enabled": false
              }
            ],
            "tags": {},
            "vm_size": "Standard_DS1_v2",
            "zones": []
          }
        }
      ]
    },
    {
      "module": "module.dc",
      "mode": "managed",
      "type": "azurerm_virtual_machine",
      "name": "virtual_machine",
      "provider": "provider.azurerm",
      "instances": [
        {
          "schema_version": 0,
          "attributes": {
            "availability_set_id": null,
            "boot_diagnostics": [],
            "delete_data_disks_on_termination": false,
            "delete_os_disk_on_termination": false,
            "id": "/subscriptions/36ac86a2-6093-4505-a788-d285ee07bab5/resourceGroups/SOVar_RG/providers/Microsoft.Compute/virtualMachines/SOVar_DC",
            "identity": [],
            "license_type": null,
            "location": "westeurope",
            "name": "SOVar_DC",
            "network_interface_ids": [
              "/subscriptions/36ac86a2-6093-4505-a788-d285ee07bab5/resourceGroups/SOVar_RG/providers/Microsoft.Network/networkInterfaces/SOVar_DC_NIC"
            ],
            "os_profile": [
              {
                "admin_password": "",
                "admin_username": "OSLocAdmin",
                "computer_name": "DC",
                "custom_data": ""
              }
            ],
            "os_profile_linux_config": [],
            "os_profile_secrets": [],
            "os_profile_windows_config": [
              {
                "additional_unattend_config": [],
                "enable_automatic_upgrades": false,
                "provision_vm_agent": true,
                "timezone": "",
                "winrm": []
              }
            ],
            "plan": [],
            "primary_network_interface_id": null,
            "resource_group_name": "SOVar_RG",
            "storage_data_disk": [],
            "storage_image_reference": [
              {
                "id": "",
                "offer": "WindowsServer",
                "publisher": "MicrosoftWindowsServer",
                "sku": "2016-Datacenter",
                "version": "latest"
              }
            ],
            "storage_os_disk": [
              {
                "caching": "ReadWrite",
                "create_option": "FromImage",
                "disk_size_gb": 127,
                "image_uri": "",
                "managed_disk_id": "/subscriptions/36ac86a2-6093-4505-a788-d285ee07bab5/resourceGroups/SOVar_RG/providers/Microsoft.Compute/disks/OSDisk1_DC",
                "managed_disk_type": "Standard_LRS",
                "name": "OSDisk1_DC",
                "os_type": "Windows",
                "vhd_uri": "",
                "write_accelerator_enabled": false
              }
            ],
            "tags": {},
            "vm_size": "Standard_DS1_v2",
            "zones": []
          }
        }
      ]
    },
    {
      "module": "module.group_user_creation",
      "mode": "managed",
      "type": "azurerm_virtual_machine_extension",
      "name": "linux",
      "each": "list",
      "provider": "provider.azurerm",
      "instances": []
    },
    {
      "module": "module.install_ad",
      "mode": "managed",
      "type": "azurerm_virtual_machine_extension",
      "name": "linux",
      "each": "list",
      "provider": "provider.azurerm",
      "instances": []
    },
    {
      "module": "module.run_command",
      "mode": "managed",
      "type": "azurerm_virtual_machine_extension",
      "name": "windows",
      "each": "list",
      "provider": "provider.azurerm",
      "instances": [
        {
          "index_key": 0,
          "schema_version": 0,
          "attributes": {
            "auto_upgrade_minor_version": true,
            "id": "/subscriptions/36ac86a2-6093-4505-a788-d285ee07bab5/resourceGroups/SOVar_RG/providers/Microsoft.Compute/virtualMachines/SOVar_DC/extensions/SOVar_DC-run-command",
            "location": "westeurope",
            "name": "SOVar_DC-run-command",
            "protected_settings": null,
            "publisher": "Microsoft.CPlat.Core",
            "resource_group_name": "SOVar_RG",
            "settings": "{\"fileUris\":[],\"script\":[\"#Install-WindowsFeature -Name AD-Domain-Services -IncludeManagementTools\\r\",\"#Install-ADDSForest -DomainName “SOVar.local”\\r\",\"New-Item -Path C:\\\\TempFolder -ItemType Directory\\r\"]}",
            "tags": {},
            "type": "RunCommandWindows",
            "type_handler_version": "1.1",
            "virtual_machine_name": "SOVar_DC"
          }
        }
      ]
    },
    {
      "module": "module.group_user_creation",
      "mode": "managed",
      "type": "azurerm_virtual_machine_extension",
      "name": "windows",
      "each": "list",
      "provider": "provider.azurerm",
      "instances": []
    },
    {
      "module": "module.install_ad",
      "mode": "managed",
      "type": "azurerm_virtual_machine_extension",
      "name": "windows",
      "each": "list",
      "provider": "provider.azurerm",
      "instances": []
    },
    {
      "module": "module.network",
      "mode": "managed",
      "type": "azurerm_virtual_network",
      "name": "virtual_network",
      "provider": "provider.azurerm",
      "instances": [
        {
          "schema_version": 0,
          "attributes": {
            "address_space": [
              "10.0.0.0/16"
            ],
            "ddos_protection_plan": [],
            "dns_servers": [],
            "id": "/subscriptions/36ac86a2-6093-4505-a788-d285ee07bab5/resourceGroups/SOVar_RG/providers/Microsoft.Network/virtualNetworks/SOVar_VN",
            "location": "westeurope",
            "name": "SOVar_VN",
            "resource_group_name": "SOVar_RG",
            "subnet": [
              {
                "address_prefix": "10.0.2.0/24",
                "id": "/subscriptions/36ac86a2-6093-4505-a788-d285ee07bab5/resourceGroups/SOVar_RG/providers/Microsoft.Network/virtualNetworks/SOVar_VN/subnets/SOVar_IntSub",
                "name": "SOVar_IntSub",
                "security_group": ""
              }
            ],
            "tags": {}
          }
        }
      ]
    }
  ]
}
