{
  "version": 4,
  "terraform_version": "0.12.2",
  "serial": 284,
  "lineage": "775d0411-d892-e402-26a8-ce09d55c3c9a",
  "outputs": {
    "SOVar_PublicIP": {
      "value": "40.118.22.24",
      "type": "string"
    }
  },
  "resources": [
    {
      "mode": "managed",
      "type": "azurerm_network_interface",
      "name": "SOVar_DCNetInt",
      "provider": "provider.azurerm",
      "instances": [
        {
          "schema_version": 0,
          "attributes": {
            "applied_dns_servers": [],
            "dns_servers": [],
            "enable_accelerated_networking": false,
            "enable_ip_forwarding": false,
            "id": "/subscriptions/36ac86a2-6093-4505-a788-d285ee07bab5/resourceGroups/SOVar_RG/providers/Microsoft.Network/networkInterfaces/SOVar_DC_NIC",
            "internal_dns_name_label": "",
            "internal_fqdn": "",
            "ip_configuration": [
              {
                "application_gateway_backend_address_pools_ids": [],
                "application_security_group_ids": [],
                "load_balancer_backend_address_pools_ids": [],
                "load_balancer_inbound_nat_rules_ids": [],
                "name": "SOVar_VN_IPConf",
                "primary": true,
                "private_ip_address": "",
                "private_ip_address_allocation": "dynamic",
                "private_ip_address_version": "IPv4",
                "public_ip_address_id": "/subscriptions/36ac86a2-6093-4505-a788-d285ee07bab5/resourceGroups/SOVar_RG/providers/Microsoft.Network/publicIPAddresses/SOVar_DC_PublicIP",
                "subnet_id": "/subscriptions/36ac86a2-6093-4505-a788-d285ee07bab5/resourceGroups/SOVar_RG/providers/Microsoft.Network/virtualNetworks/SOVar_VN/subnets/SOVar_IntSub"
              }
            ],
            "location": "westeurope",
            "mac_address": "00-0D-3A-2A-FF-CD",
            "name": "SOVar_DC_NIC",
            "network_security_group_id": "/subscriptions/36ac86a2-6093-4505-a788-d285ee07bab5/resourceGroups/SOVar_RG/providers/Microsoft.Network/networkSecurityGroups/SOVar_NetSecGroup1",
            "private_ip_address": "10.0.2.4",
            "private_ip_addresses": [
              "10.0.2.4"
            ],
            "resource_group_name": "SOVar_RG",
            "tags": {},
            "virtual_machine_id": "/subscriptions/36ac86a2-6093-4505-a788-d285ee07bab5/resourceGroups/SOVar_RG/providers/Microsoft.Compute/virtualMachines/SOVar_DC"
          },
          "depends_on": [
            "azurerm_network_security_group.SOVar_NetSecGroup1",
            "azurerm_public_ip.SOVar_DCPubIP",
            "azurerm_subnet.SOVar_IntSubnet",
            "azurerm_virtual_network.SOVar_VN"
          ]
        }
      ]
    },
    {
      "mode": "managed",
      "type": "azurerm_network_interface",
      "name": "SOVar_ServerNetInt",
      "provider": "provider.azurerm",
      "instances": [
        {
          "schema_version": 0,
          "attributes": {
            "applied_dns_servers": [],
            "dns_servers": [],
            "enable_accelerated_networking": false,
            "enable_ip_forwarding": false,
            "id": "/subscriptions/36ac86a2-6093-4505-a788-d285ee07bab5/resourceGroups/SOVar_RG/providers/Microsoft.Network/networkInterfaces/SOVar_Server_NIC",
            "internal_dns_name_label": "",
            "internal_fqdn": "",
            "ip_configuration": [
              {
                "application_gateway_backend_address_pools_ids": [],
                "application_security_group_ids": [],
                "load_balancer_backend_address_pools_ids": [],
                "load_balancer_inbound_nat_rules_ids": [],
                "name": "SOVar_VN_IPConf",
                "primary": true,
                "private_ip_address": "",
                "private_ip_address_allocation": "dynamic",
                "private_ip_address_version": "IPv4",
                "public_ip_address_id": "/subscriptions/36ac86a2-6093-4505-a788-d285ee07bab5/resourceGroups/SOVar_RG/providers/Microsoft.Network/publicIPAddresses/SOVar_ServerPublicIP",
                "subnet_id": "/subscriptions/36ac86a2-6093-4505-a788-d285ee07bab5/resourceGroups/SOVar_RG/providers/Microsoft.Network/virtualNetworks/SOVar_VN/subnets/SOVar_IntSub"
              }
            ],
            "location": "westeurope",
            "mac_address": "00-0D-3A-22-03-D0",
            "name": "SOVar_Server_NIC",
            "network_security_group_id": "/subscriptions/36ac86a2-6093-4505-a788-d285ee07bab5/resourceGroups/SOVar_RG/providers/Microsoft.Network/networkSecurityGroups/SOVar_NetSecGroup1",
            "private_ip_address": "10.0.2.5",
            "private_ip_addresses": [
              "10.0.2.5"
            ],
            "resource_group_name": "SOVar_RG",
            "tags": {},
            "virtual_machine_id": "/subscriptions/36ac86a2-6093-4505-a788-d285ee07bab5/resourceGroups/SOVar_RG/providers/Microsoft.Compute/virtualMachines/SOVar_Server"
          },
          "depends_on": [
            "azurerm_network_security_group.SOVar_NetSecGroup1",
            "azurerm_public_ip.SOVar_ServerPublicIP",
            "azurerm_subnet.SOVar_IntSubnet",
            "azurerm_virtual_network.SOVar_VN"
          ]
        }
      ]
    },
    {
      "mode": "managed",
      "type": "azurerm_network_security_group",
      "name": "SOVar_NetSecGroup1",
      "provider": "provider.azurerm",
      "instances": [
        {
          "schema_version": 0,
          "attributes": {
            "id": "/subscriptions/36ac86a2-6093-4505-a788-d285ee07bab5/resourceGroups/SOVar_RG/providers/Microsoft.Network/networkSecurityGroups/SOVar_NetSecGroup1",
            "location": "westeurope",
            "name": "SOVar_NetSecGroup1",
            "resource_group_name": "SOVar_RG",
            "security_rule": [
              {
                "access": "Allow",
                "description": "",
                "destination_address_prefix": "*",
                "destination_address_prefixes": [],
                "destination_application_security_group_ids": [],
                "destination_port_range": "3389",
                "destination_port_ranges": [],
                "direction": "Inbound",
                "name": "SOVar_InBound_RDP",
                "priority": 100,
                "protocol": "Tcp",
                "source_address_prefix": "*",
                "source_address_prefixes": [],
                "source_application_security_group_ids": [],
                "source_port_range": "*",
                "source_port_ranges": []
              }
            ],
            "tags": {}
          }
        }
      ]
    },
    {
      "mode": "managed",
      "type": "azurerm_network_security_rule",
      "name": "SOVar_NetSecRule1",
      "provider": "provider.azurerm",
      "instances": [
        {
          "schema_version": 0,
          "attributes": {
            "access": "Allow",
            "description": "",
            "destination_address_prefix": "*",
            "destination_address_prefixes": [],
            "destination_application_security_group_ids": [],
            "destination_port_range": "3389",
            "destination_port_ranges": [],
            "direction": "Inbound",
            "id": "/subscriptions/36ac86a2-6093-4505-a788-d285ee07bab5/resourceGroups/SOVar_RG/providers/Microsoft.Network/networkSecurityGroups/SOVar_NetSecGroup1/securityRules/SOVar_InBound_RDP",
            "name": "SOVar_InBound_RDP",
            "network_security_group_name": "SOVar_NetSecGroup1",
            "priority": 100,
            "protocol": "Tcp",
            "resource_group_name": "SOVar_RG",
            "source_address_prefix": "*",
            "source_address_prefixes": [],
            "source_application_security_group_ids": [],
            "source_port_range": "*",
            "source_port_ranges": []
          },
          "depends_on": [
            "azurerm_network_security_group.SOVar_NetSecGroup1"
          ]
        }
      ]
    },
    {
      "mode": "managed",
      "type": "azurerm_public_ip",
      "name": "SOVar_DCPubIP",
      "provider": "provider.azurerm",
      "instances": [
        {
          "schema_version": 0,
          "attributes": {
            "allocation_method": "Dynamic",
            "domain_name_label": null,
            "fqdn": null,
            "id": "/subscriptions/36ac86a2-6093-4505-a788-d285ee07bab5/resourceGroups/SOVar_RG/providers/Microsoft.Network/publicIPAddresses/SOVar_DC_PublicIP",
            "idle_timeout_in_minutes": 30,
            "ip_address": "40.118.22.24",
            "ip_version": "IPv4",
            "location": "westeurope",
            "name": "SOVar_DC_PublicIP",
            "public_ip_address_allocation": "Dynamic",
            "public_ip_prefix_id": null,
            "resource_group_name": "SOVar_RG",
            "reverse_fqdn": null,
            "sku": "Basic",
            "tags": {},
            "zones": []
          }
        }
      ]
    },
    {
      "mode": "managed",
      "type": "azurerm_public_ip",
      "name": "SOVar_ServerPublicIP",
      "provider": "provider.azurerm",
      "instances": [
        {
          "schema_version": 0,
          "attributes": {
            "allocation_method": "Dynamic",
            "domain_name_label": null,
            "fqdn": null,
            "id": "/subscriptions/36ac86a2-6093-4505-a788-d285ee07bab5/resourceGroups/SOVar_RG/providers/Microsoft.Network/publicIPAddresses/SOVar_ServerPublicIP",
            "idle_timeout_in_minutes": 30,
            "ip_address": "104.214.233.38",
            "ip_version": "IPv4",
            "location": "westeurope",
            "name": "SOVar_ServerPublicIP",
            "public_ip_address_allocation": "Dynamic",
            "public_ip_prefix_id": null,
            "resource_group_name": "SOVar_RG",
            "reverse_fqdn": null,
            "sku": "Basic",
            "tags": {},
            "zones": []
          }
        }
      ]
    },
    {
      "mode": "managed",
      "type": "azurerm_resource_group",
      "name": "SOVar_RG",
      "provider": "provider.azurerm",
      "instances": [
        {
          "schema_version": 0,
          "attributes": {
            "id": "/subscriptions/36ac86a2-6093-4505-a788-d285ee07bab5/resourceGroups/SOVar_RG",
            "location": "westeurope",
            "name": "SOVar_RG",
            "tags": {}
          }
        }
      ]
    },
    {
      "mode": "managed",
      "type": "azurerm_subnet",
      "name": "SOVar_IntSubnet",
      "provider": "provider.azurerm",
      "instances": [
        {
          "schema_version": 0,
          "attributes": {
            "address_prefix": "10.0.2.0/24",
            "delegation": [],
            "id": "/subscriptions/36ac86a2-6093-4505-a788-d285ee07bab5/resourceGroups/SOVar_RG/providers/Microsoft.Network/virtualNetworks/SOVar_VN/subnets/SOVar_IntSub",
            "ip_configurations": [
              "/subscriptions/36ac86a2-6093-4505-a788-d285ee07bab5/resourceGroups/SOVar_RG/providers/Microsoft.Network/networkInterfaces/SOVar_DC_NIC/ipConfigurations/SOVar_VN_IPConf",
              "/subscriptions/36ac86a2-6093-4505-a788-d285ee07bab5/resourceGroups/SOVar_RG/providers/Microsoft.Network/networkInterfaces/SOVar_Server_NIC/ipConfigurations/SOVar_VN_IPConf"
            ],
            "name": "SOVar_IntSub",
            "network_security_group_id": "",
            "resource_group_name": "SOVar_RG",
            "route_table_id": "",
            "service_endpoints": [],
            "virtual_network_name": "SOVar_VN"
          },
          "depends_on": [
            "azurerm_virtual_network.SOVar_VN"
          ]
        }
      ]
    },
    {
      "mode": "managed",
      "type": "azurerm_virtual_machine",
      "name": "SOVar_DCVM",
      "provider": "provider.azurerm",
      "instances": [
        {
          "schema_version": 0,
          "attributes": {
            "availability_set_id": null,
            "boot_diagnostics": [],
            "delete_data_disks_on_termination": false,
            "delete_os_disk_on_termination": false,
            "id": "/subscriptions/36ac86a2-6093-4505-a788-d285ee07bab5/resourceGroups/SOVar_RG/providers/Microsoft.Compute/virtualMachines/SOVar_DC",
            "identity": [],
            "license_type": null,
            "location": "westeurope",
            "name": "SOVar_DC",
            "network_interface_ids": [
              "/subscriptions/36ac86a2-6093-4505-a788-d285ee07bab5/resourceGroups/SOVar_RG/providers/Microsoft.Network/networkInterfaces/SOVar_DC_NIC"
            ],
            "os_profile": [
              {
                "admin_password": "",
                "admin_username": "OSLocAdmin",
                "computer_name": "DC",
                "custom_data": ""
              }
            ],
            "os_profile_linux_config": [],
            "os_profile_secrets": [],
            "os_profile_windows_config": [
              {
                "additional_unattend_config": [],
                "enable_automatic_upgrades": false,
                "provision_vm_agent": true,
                "timezone": "",
                "winrm": []
              }
            ],
            "plan": [],
            "primary_network_interface_id": null,
            "resource_group_name": "SOVar_RG",
            "storage_data_disk": [],
            "storage_image_reference": [
              {
                "id": "",
                "offer": "WindowsServer",
                "publisher": "MicrosoftWindowsServer",
                "sku": "2016-Datacenter",
                "version": "latest"
              }
            ],
            "storage_os_disk": [
              {
                "caching": "ReadWrite",
                "create_option": "FromImage",
                "disk_size_gb": 127,
                "image_uri": "",
                "managed_disk_id": "/subscriptions/36ac86a2-6093-4505-a788-d285ee07bab5/resourceGroups/SOVar_RG/providers/Microsoft.Compute/disks/OSDisk1_DC",
                "managed_disk_type": "Standard_LRS",
                "name": "OSDisk1_DC",
                "os_type": "Windows",
                "vhd_uri": "",
                "write_accelerator_enabled": false
              }
            ],
            "tags": {},
            "vm_size": "Standard_DS1_v2",
            "zones": []
          },
          "depends_on": [
            "azurerm_network_interface.SOVar_DCNetInt"
          ]
        }
      ]
    },
    {
      "mode": "managed",
      "type": "azurerm_virtual_machine",
      "name": "SOVar_ServerVM",
      "provider": "provider.azurerm",
      "instances": [
        {
          "schema_version": 0,
          "attributes": {
            "availability_set_id": null,
            "boot_diagnostics": [],
            "delete_data_disks_on_termination": false,
            "delete_os_disk_on_termination": false,
            "id": "/subscriptions/36ac86a2-6093-4505-a788-d285ee07bab5/resourceGroups/SOVar_RG/providers/Microsoft.Compute/virtualMachines/SOVar_Server",
            "identity": [],
            "license_type": null,
            "location": "westeurope",
            "name": "SOVar_Server",
            "network_interface_ids": [
              "/subscriptions/36ac86a2-6093-4505-a788-d285ee07bab5/resourceGroups/SOVar_RG/providers/Microsoft.Network/networkInterfaces/SOVar_Server_NIC"
            ],
            "os_profile": [
              {
                "admin_password": "",
                "admin_username": "OSLocAdmin",
                "computer_name": "Server",
                "custom_data": ""
              }
            ],
            "os_profile_linux_config": [],
            "os_profile_secrets": [],
            "os_profile_windows_config": [
              {
                "additional_unattend_config": [],
                "enable_automatic_upgrades": false,
                "provision_vm_agent": true,
                "timezone": "",
                "winrm": []
              }
            ],
            "plan": [],
            "primary_network_interface_id": null,
            "resource_group_name": "SOVar_RG",
            "storage_data_disk": [],
            "storage_image_reference": [
              {
                "id": "",
                "offer": "WindowsServer",
                "publisher": "MicrosoftWindowsServer",
                "sku": "2016-Datacenter",
                "version": "latest"
              }
            ],
            "storage_os_disk": [
              {
                "caching": "ReadWrite",
                "create_option": "FromImage",
                "disk_size_gb": 127,
                "image_uri": "",
                "managed_disk_id": "/subscriptions/36ac86a2-6093-4505-a788-d285ee07bab5/resourceGroups/SOVar_RG/providers/Microsoft.Compute/disks/OSDisk1_Server",
                "managed_disk_type": "Standard_LRS",
                "name": "OSDisk1_Server",
                "os_type": "Windows",
                "vhd_uri": "",
                "write_accelerator_enabled": false
              }
            ],
            "tags": {},
            "vm_size": "Standard_DS1_v2",
            "zones": []
          },
          "depends_on": [
            "azurerm_network_interface.SOVar_ServerNetInt"
          ]
        }
      ]
    },
    {
      "mode": "managed",
      "type": "azurerm_virtual_network",
      "name": "SOVar_VN",
      "provider": "provider.azurerm",
      "instances": [
        {
          "schema_version": 0,
          "attributes": {
            "address_space": [
              "10.0.0.0/16"
            ],
            "ddos_protection_plan": [],
            "dns_servers": [],
            "id": "/subscriptions/36ac86a2-6093-4505-a788-d285ee07bab5/resourceGroups/SOVar_RG/providers/Microsoft.Network/virtualNetworks/SOVar_VN",
            "location": "westeurope",
            "name": "SOVar_VN",
            "resource_group_name": "SOVar_RG",
            "subnet": [
              {
                "address_prefix": "10.0.2.0/24",
                "id": "/subscriptions/36ac86a2-6093-4505-a788-d285ee07bab5/resourceGroups/SOVar_RG/providers/Microsoft.Network/virtualNetworks/SOVar_VN/subnets/SOVar_IntSub",
                "name": "SOVar_IntSub",
                "security_group": ""
              }
            ],
            "tags": {}
          }
        }
      ]
    }
  ]
}
